// !$*UTF8*$!
{
	archiveVersion = 1;
	classes = {
	};
	objectVersion = 77;
	objects = {

/* Begin PBXBuildFile section */
		0B1F84C138C705B849B2A1DB /* JobCodeKeyboard.swift in Sources */ = {isa = PBXBuildFile; fileRef = FD9D83141B1B0BC49B21E213 /* JobCodeKeyboard.swift */; };
		0DCE72F656A33C3B55E01CC1 /* EntryRow.swift in Sources */ = {isa = PBXBuildFile; fileRef = 39A29FF6C963B224CDF1D1DC /* EntryRow.swift */; };
		41BB720E9FF3BEB1E38ADA0D /* TimecardPDFView.swift in Sources */ = {isa = PBXBuildFile; fileRef = 6DF48A3DFA5F4D01D6073D3C /* TimecardPDFView.swift */; };
		43252E4FEF013D0BC8263FD0 /* RootView.swift in Sources */ = {isa = PBXBuildFile; fileRef = FD8404CECD5FEED3FE2A04DE /* RootView.swift */; };
		46CB94E96EE29C972371F54D /* JobCodeKeyboard.swift in Sources */ = {isa = PBXBuildFile; fileRef = 0BE3A2EBD39FB445A2938816 /* JobCodeKeyboard.swift */; };
		54F4F2779C0640F74FDAD54B /* CodesAndNotesView.swift in Sources */ = {isa = PBXBuildFile; fileRef = 655A19085D6415F79E4B14C1 /* CodesAndNotesView.swift */; };
		623792A02E986B18004A699C /* ToolbarButtonsSettingsView.swift in Sources */ = {isa = PBXBuildFile; fileRef = 6237929F2E986B18004A699C /* ToolbarButtonsSettingsView.swift */; };
		62B8BC822E90828300F3DBFE /* JobsSeed.csv in Resources */ = {isa = PBXBuildFile; fileRef = 62B8BC812E90828300F3DBFE /* JobsSeed.csv */; };
		62F564CD2E905B59008E6EEC /* JobsStore.swift in Sources */ = {isa = PBXBuildFile; fileRef = 62F564CC2E905B59008E6EEC /* JobsStore.swift */; };
		62F848362E8C7AAD0059C024 /* README.txt in Resources */ = {isa = PBXBuildFile; fileRef = 620706E72E8C735200493D54 /* README.txt */; };
		62F848372E8C7AAD0059C024 /* MailView.swift in Sources */ = {isa = PBXBuildFile; fileRef = 620706DE2E8C735200493D54 /* MailView.swift */; };
		62F848382E8C7AAD0059C024 /* SendView.swift in Sources */ = {isa = PBXBuildFile; fileRef = 620706E92E8C735200493D54 /* SendView.swift */; };
		62F848392E8C7AAD0059C024 /* TimeEntryView_FULL_SunSatFriday_ALIGNED.swift in Sources */ = {isa = PBXBuildFile; fileRef = 620706FA2E8C735200493D54 /* TimeEntryView_FULL_SunSatFriday_ALIGNED.swift */; };
		62F8483B2E8C7AAD0059C024 /* LGSummary_FIX_internal.swift in Sources */ = {isa = PBXBuildFile; fileRef = 620706DC2E8C735200493D54 /* LGSummary_FIX_internal.swift */; };
		62F8483C2E8C7AAD0059C024 /* ThemeType.swift in Sources */ = {isa = PBXBuildFile; fileRef = 620706F12E8C735200493D54 /* ThemeType.swift */; };
		62F8483D2E8C7AAD0059C024 /* PayPeriod_SunSat_FridayPay.swift in Sources */ = {isa = PBXBuildFile; fileRef = 620706E12E8C735200493D54 /* PayPeriod_SunSat_FridayPay.swift */; };
		62F8483E2E8C7AAD0059C024 /* Models.swift in Sources */ = {isa = PBXBuildFile; fileRef = 620706DF2E8C735200493D54 /* Models.swift */; };
		62F8483F2E8C7AAD0059C024 /* PayPeriodBC.swift in Sources */ = {isa = PBXBuildFile; fileRef = 620706E22E8C735200493D54 /* PayPeriodBC.swift */; };
		62F848402E8C7AAD0059C024 /* LegacyCompat.swift in Sources */ = {isa = PBXBuildFile; fileRef = 620706DB2E8C735200493D54 /* LegacyCompat.swift */; };
		62F848412E8C7AAD0059C024 /* PDFRenderer.swift in Sources */ = {isa = PBXBuildFile; fileRef = 620706E52E8C735200493D54 /* PDFRenderer.swift */; };
		62F848482E8C849A0059C024 /* Store.swift in Sources */ = {isa = PBXBuildFile; fileRef = 620706ED2E8C735200493D54 /* Store.swift */; };
		62F848492E8C84A80059C024 /* SwiftDataModels.swift in Sources */ = {isa = PBXBuildFile; fileRef = 620706EF2E8C735200493D54 /* SwiftDataModels.swift */; };
		62F8484A2E8C84AF0059C024 /* BootstrapView.swift in Sources */ = {isa = PBXBuildFile; fileRef = 620706CA2E8C735200493D54 /* BootstrapView.swift */; };
		62F8484B2E8C84B70059C024 /* SettingsSync.swift in Sources */ = {isa = PBXBuildFile; fileRef = 620706EA2E8C735200493D54 /* SettingsSync.swift */; };
		62F8484C2E8C84CE0059C024 /* AppIconManager.swift in Sources */ = {isa = PBXBuildFile; fileRef = 620706C62E8C735200493D54 /* AppIconManager.swift */; };
		62F8484D2E8C84D80059C024 /* AppIconSettingsView.swift in Sources */ = {isa = PBXBuildFile; fileRef = 620706C72E8C735200493D54 /* AppIconSettingsView.swift */; };
		62F8484E2E8C84E10059C024 /* Assets.xcassets in Resources */ = {isa = PBXBuildFile; fileRef = 620706C82E8C735200493D54 /* Assets.xcassets */; };
		62F8484F2E8C84E70059C024 /* Assets.xcassets.zip in Resources */ = {isa = PBXBuildFile; fileRef = 620706C92E8C735200493D54 /* Assets.xcassets.zip */; };
		62F848502E8C84F00059C024 /* CloudSupport.swift in Sources */ = {isa = PBXBuildFile; fileRef = 620706CB2E8C735200493D54 /* CloudSupport.swift */; };
		62F848542E8C85E50059C024 /* Timecard.swift in Sources */ = {isa = PBXBuildFile; fileRef = 620706F22E8C735200493D54 /* Timecard.swift */; };
		62F848552E8C85EC0059C024 /* ThemeSettingsView.swift in Sources */ = {isa = PBXBuildFile; fileRef = 620706F02E8C735200493D54 /* ThemeSettingsView.swift */; };
		62F848562E8C85F70059C024 /* SummaryTabSimple.swift in Sources */ = {isa = PBXBuildFile; fileRef = 620706EE2E8C735200493D54 /* SummaryTabSimple.swift */; };
		62F848572E8C85FF0059C024 /* SettingsView.swift in Sources */ = {isa = PBXBuildFile; fileRef = 620706EB2E8C735200493D54 /* SettingsView.swift */; };
		62F848592E8C86250059C024 /* IconGenerator.swift in Sources */ = {isa = PBXBuildFile; fileRef = 620706D52E8C735200493D54 /* IconGenerator.swift */; };
		62F8485B2E8C86300059C024 /* IconAssetGenerator.swift in Sources */ = {isa = PBXBuildFile; fileRef = 620706D42E8C735200493D54 /* IconAssetGenerator.swift */; };
		62F8485F2E8C8BD30059C024 /* JobsSettingsView.swift in Sources */ = {isa = PBXBuildFile; fileRef = 620706DA2E8C735200493D54 /* JobsSettingsView.swift */; };
		62F848602E8C8BDF0059C024 /* LogoSettingsView.swift in Sources */ = {isa = PBXBuildFile; fileRef = 620706DD2E8C735200493D54 /* LogoSettingsView.swift */; };
		62F848622E8C8C0E0059C024 /* EmailSettingsView.swift in Sources */ = {isa = PBXBuildFile; fileRef = 620706CD2E8C735200493D54 /* EmailSettingsView.swift */; };
		62F848632E8C8C2A0059C024 /* PayPeriodSettingsView.swift in Sources */ = {isa = PBXBuildFile; fileRef = 620706E42E8C735200493D54 /* PayPeriodSettingsView.swift */; };
		62F848642E8C8C3B0059C024 /* OnCallSettingsView.swift in Sources */ = {isa = PBXBuildFile; fileRef = 620706E02E8C735200493D54 /* OnCallSettingsView.swift */; };
		62F848652E8C8C4C0059C024 /* ICloudSettingsView.swift in Sources */ = {isa = PBXBuildFile; fileRef = 620706D22E8C735200493D54 /* ICloudSettingsView.swift */; };
		62F848662E8C8C540059C024 /* HolidaySettingsView.swift in Sources */ = {isa = PBXBuildFile; fileRef = 620706D12E8C735200493D54 /* HolidaySettingsView.swift */; };
		62F848682E8C8C630059C024 /* HistoryView.swift in Sources */ = {isa = PBXBuildFile; fileRef = 620706CF2E8C735200493D54 /* HistoryView.swift */; };
		62F8486A2E8C8C810059C024 /* ICloudSyncStatusView.swift in Sources */ = {isa = PBXBuildFile; fileRef = 620706D32E8C735200493D54 /* ICloudSyncStatusView.swift */; };
		62F8486B2E8C8C8C0059C024 /* IconSettingsView.swift in Sources */ = {isa = PBXBuildFile; fileRef = 620706D72E8C735200493D54 /* IconSettingsView.swift */; };
		62F8486D2E8C8CA00059C024 /* PayPeriodCalculator.swift in Sources */ = {isa = PBXBuildFile; fileRef = 620706E32E8C735200493D54 /* PayPeriodCalculator.swift */; };
		62F8486E2E8C8CC30059C024 /* UbiquitousSettingsSync.swift in Sources */ = {isa = PBXBuildFile; fileRef = 620706FB2E8C735200493D54 /* UbiquitousSettingsSync.swift */; };
		62F8486F2E8C8CC80059C024 /* View+Keyboard.swift in Sources */ = {isa = PBXBuildFile; fileRef = 620706FC2E8C735200493D54 /* View+Keyboard.swift */; };
		62F848702E8C8CD00059C024 /* XLSXWriter.swift in Sources */ = {isa = PBXBuildFile; fileRef = 620706FD2E8C735200493D54 /* XLSXWriter.swift */; };
		62F848712E8C8CDF0059C024 /* ColorExtensions.swift in Sources */ = {isa = PBXBuildFile; fileRef = 62F848422E8C7AEF0059C024 /* ColorExtensions.swift */; };
		62F848752E8C9F730059C024 /* RegionLocator.swift in Sources */ = {isa = PBXBuildFile; fileRef = 62F848742E8C9F730059C024 /* RegionLocator.swift */; };
		93923F154BF1918699B206C0 /* TimeEntryView_FULL_SunSatFridayPay_ALIGNED.swift in Sources */ = {isa = PBXBuildFile; fileRef = 72F415F11207D9A8CC61FE26 /* TimeEntryView_FULL_SunSatFridayPay_ALIGNED.swift */; };
		D3E210867AA879D545CA9280 /* JobCodeInputView.swift in Sources */ = {isa = PBXBuildFile; fileRef = 9FBBAD43774097716D42C718 /* JobCodeInputView.swift */; };
		DC460AEFCB34F954C8CF02F3 /* JobCodeTextField.swift in Sources */ = {isa = PBXBuildFile; fileRef = 3CEEAF67B52A82A75B9C0C8F /* JobCodeTextField.swift */; };
		F716365FEA5B62994B1B78DE /* AssistantTextField.swift in Sources */ = {isa = PBXBuildFile; fileRef = BEFFA520C8788DC701F05708 /* AssistantTextField.swift */; };
		F860DB54DEDD6C274AE75CF7 /* App.swift in Sources */ = {isa = PBXBuildFile; fileRef = EC8C0184B2A9B18CE1800391 /* App.swift */; };
/* End PBXBuildFile section */

/* Begin PBXFileReference section */
		0BE3A2EBD39FB445A2938816 /* JobCodeKeyboard.swift */ = {isa = PBXFileReference; includeInIndex = 1; lastKnownFileType = sourcecode.swift; name = JobCodeKeyboard.swift; path = Features/JobCode/Components/JobCodeKeyboard.swift; sourceTree = "<group>"; };
		349F5A761157400926B9589C /* Timecard-Info.plist */ = {isa = PBXFileReference; includeInIndex = 1; lastKnownFileType = text.plist.xml; name = "Timecard-Info.plist"; path = "Support/Timecard-Info.plist"; sourceTree = "<group>"; };
		39A29FF6C963B224CDF1D1DC /* EntryRow.swift */ = {isa = PBXFileReference; includeInIndex = 1; lastKnownFileType = sourcecode.swift; name = EntryRow.swift; path = Features/TimeEntry/Views/EntryRow.swift; sourceTree = "<group>"; };
		3CEEAF67B52A82A75B9C0C8F /* JobCodeTextField.swift */ = {isa = PBXFileReference; includeInIndex = 1; lastKnownFileType = sourcecode.swift; name = JobCodeTextField.swift; path = Features/JobCode/Components/JobCodeTextField.swift; sourceTree = "<group>"; };
		620706C62E8C735200493D54 /* AppIconManager.swift */ = {isa = PBXFileReference; lastKnownFileType = sourcecode.swift; path = AppIconManager.swift; sourceTree = "<group>"; };
		620706C72E8C735200493D54 /* AppIconSettingsView.swift */ = {isa = PBXFileReference; lastKnownFileType = sourcecode.swift; path = AppIconSettingsView.swift; sourceTree = "<group>"; };
		620706C82E8C735200493D54 /* Assets.xcassets */ = {isa = PBXFileReference; lastKnownFileType = folder.assetcatalog; path = Assets.xcassets; sourceTree = "<group>"; };
		620706C92E8C735200493D54 /* Assets.xcassets.zip */ = {isa = PBXFileReference; lastKnownFileType = archive.zip; path = Assets.xcassets.zip; sourceTree = "<group>"; };
		620706CA2E8C735200493D54 /* BootstrapView.swift */ = {isa = PBXFileReference; lastKnownFileType = sourcecode.swift; path = BootstrapView.swift; sourceTree = "<group>"; };
		620706CB2E8C735200493D54 /* CloudSupport.swift */ = {isa = PBXFileReference; lastKnownFileType = sourcecode.swift; path = CloudSupport.swift; sourceTree = "<group>"; };
		620706CD2E8C735200493D54 /* EmailSettingsView.swift */ = {isa = PBXFileReference; lastKnownFileType = sourcecode.swift; path = EmailSettingsView.swift; sourceTree = "<group>"; };
		620706CF2E8C735200493D54 /* HistoryView.swift */ = {isa = PBXFileReference; lastKnownFileType = sourcecode.swift; path = HistoryView.swift; sourceTree = "<group>"; };
		620706D12E8C735200493D54 /* HolidaySettingsView.swift */ = {isa = PBXFileReference; lastKnownFileType = sourcecode.swift; path = HolidaySettingsView.swift; sourceTree = "<group>"; };
		620706D22E8C735200493D54 /* ICloudSettingsView.swift */ = {isa = PBXFileReference; lastKnownFileType = sourcecode.swift; path = ICloudSettingsView.swift; sourceTree = "<group>"; };
		620706D32E8C735200493D54 /* ICloudSyncStatusView.swift */ = {isa = PBXFileReference; lastKnownFileType = sourcecode.swift; path = ICloudSyncStatusView.swift; sourceTree = "<group>"; };
		620706D42E8C735200493D54 /* IconAssetGenerator.swift */ = {isa = PBXFileReference; lastKnownFileType = sourcecode.swift; path = IconAssetGenerator.swift; sourceTree = "<group>"; };
		620706D52E8C735200493D54 /* IconGenerator.swift */ = {isa = PBXFileReference; lastKnownFileType = sourcecode.swift; path = IconGenerator.swift; sourceTree = "<group>"; };
		620706D72E8C735200493D54 /* IconSettingsView.swift */ = {isa = PBXFileReference; lastKnownFileType = sourcecode.swift; path = IconSettingsView.swift; sourceTree = "<group>"; };
		620706DA2E8C735200493D54 /* JobsSettingsView.swift */ = {isa = PBXFileReference; lastKnownFileType = sourcecode.swift; path = JobsSettingsView.swift; sourceTree = "<group>"; };
		620706DB2E8C735200493D54 /* LegacyCompat.swift */ = {isa = PBXFileReference; lastKnownFileType = sourcecode.swift; path = LegacyCompat.swift; sourceTree = "<group>"; };
		620706DC2E8C735200493D54 /* LGSummary_FIX_internal.swift */ = {isa = PBXFileReference; lastKnownFileType = sourcecode.swift; path = LGSummary_FIX_internal.swift; sourceTree = "<group>"; };
		620706DD2E8C735200493D54 /* LogoSettingsView.swift */ = {isa = PBXFileReference; lastKnownFileType = sourcecode.swift; path = LogoSettingsView.swift; sourceTree = "<group>"; };
		620706DE2E8C735200493D54 /* MailView.swift */ = {isa = PBXFileReference; lastKnownFileType = sourcecode.swift; path = MailView.swift; sourceTree = "<group>"; };
		620706DF2E8C735200493D54 /* Models.swift */ = {isa = PBXFileReference; lastKnownFileType = sourcecode.swift; path = Models.swift; sourceTree = "<group>"; };
		620706E02E8C735200493D54 /* OnCallSettingsView.swift */ = {isa = PBXFileReference; lastKnownFileType = sourcecode.swift; path = OnCallSettingsView.swift; sourceTree = "<group>"; };
		620706E12E8C735200493D54 /* PayPeriod_SunSat_FridayPay.swift */ = {isa = PBXFileReference; lastKnownFileType = sourcecode.swift; path = PayPeriod_SunSat_FridayPay.swift; sourceTree = "<group>"; };
		620706E22E8C735200493D54 /* PayPeriodBC.swift */ = {isa = PBXFileReference; lastKnownFileType = sourcecode.swift; path = PayPeriodBC.swift; sourceTree = "<group>"; };
		620706E32E8C735200493D54 /* PayPeriodCalculator.swift */ = {isa = PBXFileReference; lastKnownFileType = sourcecode.swift; path = PayPeriodCalculator.swift; sourceTree = "<group>"; };
		620706E42E8C735200493D54 /* PayPeriodSettingsView.swift */ = {isa = PBXFileReference; lastKnownFileType = sourcecode.swift; path = PayPeriodSettingsView.swift; sourceTree = "<group>"; };
		620706E52E8C735200493D54 /* PDFRenderer.swift */ = {isa = PBXFileReference; lastKnownFileType = sourcecode.swift; path = PDFRenderer.swift; sourceTree = "<group>"; };
		620706E72E8C735200493D54 /* README.txt */ = {isa = PBXFileReference; lastKnownFileType = text; path = README.txt; sourceTree = "<group>"; };
		620706E92E8C735200493D54 /* SendView.swift */ = {isa = PBXFileReference; lastKnownFileType = sourcecode.swift; path = SendView.swift; sourceTree = "<group>"; };
		620706EA2E8C735200493D54 /* SettingsSync.swift */ = {isa = PBXFileReference; lastKnownFileType = sourcecode.swift; path = SettingsSync.swift; sourceTree = "<group>"; };
		620706EB2E8C735200493D54 /* SettingsView.swift */ = {isa = PBXFileReference; lastKnownFileType = sourcecode.swift; path = SettingsView.swift; sourceTree = "<group>"; };
		620706ED2E8C735200493D54 /* Store.swift */ = {isa = PBXFileReference; lastKnownFileType = sourcecode.swift; path = Store.swift; sourceTree = "<group>"; };
		620706EE2E8C735200493D54 /* SummaryTabSimple.swift */ = {isa = PBXFileReference; lastKnownFileType = sourcecode.swift; path = SummaryTabSimple.swift; sourceTree = "<group>"; };
		620706EF2E8C735200493D54 /* SwiftDataModels.swift */ = {isa = PBXFileReference; lastKnownFileType = sourcecode.swift; path = SwiftDataModels.swift; sourceTree = "<group>"; };
		620706F02E8C735200493D54 /* ThemeSettingsView.swift */ = {isa = PBXFileReference; lastKnownFileType = sourcecode.swift; path = ThemeSettingsView.swift; sourceTree = "<group>"; };
		620706F12E8C735200493D54 /* ThemeType.swift */ = {isa = PBXFileReference; lastKnownFileType = sourcecode.swift; path = ThemeType.swift; sourceTree = "<group>"; };
		620706F22E8C735200493D54 /* Timecard.swift */ = {isa = PBXFileReference; lastKnownFileType = sourcecode.swift; path = Timecard.swift; sourceTree = "<group>"; };
		620706F62E8C735200493D54 /* Timecard.xcodeproj */ = {isa = PBXFileReference; lastKnownFileType = "wrapper.pb-project"; path = Timecard.xcodeproj; sourceTree = "<group>"; };
		620706FA2E8C735200493D54 /* TimeEntryView_FULL_SunSatFriday_ALIGNED.swift */ = {isa = PBXFileReference; lastKnownFileType = sourcecode.swift; path = TimeEntryView_FULL_SunSatFriday_ALIGNED.swift; sourceTree = "<group>"; };
		620706FB2E8C735200493D54 /* UbiquitousSettingsSync.swift */ = {isa = PBXFileReference; lastKnownFileType = sourcecode.swift; path = UbiquitousSettingsSync.swift; sourceTree = "<group>"; };
		620706FC2E8C735200493D54 /* View+Keyboard.swift */ = {isa = PBXFileReference; lastKnownFileType = sourcecode.swift; path = "View+Keyboard.swift"; sourceTree = "<group>"; };
		620706FD2E8C735200493D54 /* XLSXWriter.swift */ = {isa = PBXFileReference; lastKnownFileType = sourcecode.swift; path = XLSXWriter.swift; sourceTree = "<group>"; };
		6237929F2E986B18004A699C /* ToolbarButtonsSettingsView.swift */ = {isa = PBXFileReference; lastKnownFileType = sourcecode.swift; path = ToolbarButtonsSettingsView.swift; sourceTree = "<group>"; };
		623EF73B2E8DE9DA008EC7EE /* Timecard.app */ = {isa = PBXFileReference; explicitFileType = wrapper.application; includeInIndex = 0; path = Timecard.app; sourceTree = BUILT_PRODUCTS_DIR; };
		62B8BC812E90828300F3DBFE /* JobsSeed.csv */ = {isa = PBXFileReference; lastKnownFileType = text; path = JobsSeed.csv; sourceTree = "<group>"; };
		62F564CC2E905B59008E6EEC /* JobsStore.swift */ = {isa = PBXFileReference; lastKnownFileType = sourcecode.swift; path = JobsStore.swift; sourceTree = "<group>"; };
		62F848422E8C7AEF0059C024 /* ColorExtensions.swift */ = {isa = PBXFileReference; lastKnownFileType = sourcecode.swift; path = ColorExtensions.swift; sourceTree = "<group>"; };
		62F848742E8C9F730059C024 /* RegionLocator.swift */ = {isa = PBXFileReference; lastKnownFileType = sourcecode.swift; path = RegionLocator.swift; sourceTree = "<group>"; };
		6445D874106554BC36609E03 /* TimecardLG-Bridging-Header.h */ = {isa = PBXFileReference; includeInIndex = 1; lastKnownFileType = sourcecode.c.h; name = "TimecardLG-Bridging-Header.h"; path = "Support/BridgingHeaders/TimecardLG-Bridging-Header.h"; sourceTree = "<group>"; };
		655A19085D6415F79E4B14C1 /* CodesAndNotesView.swift */ = {isa = PBXFileReference; includeInIndex = 1; lastKnownFileType = sourcecode.swift; name = CodesAndNotesView.swift; path = Features/TimeEntry/Views/CodesAndNotesView.swift; sourceTree = "<group>"; };
		6DF48A3DFA5F4D01D6073D3C /* TimecardPDFView.swift */ = {isa = PBXFileReference; includeInIndex = 1; lastKnownFileType = sourcecode.swift; name = TimecardPDFView.swift; path = Features/TimeEntry/Views/TimecardPDFView.swift; sourceTree = "<group>"; };
		72F415F11207D9A8CC61FE26 /* TimeEntryView_FULL_SunSatFridayPay_ALIGNED.swift */ = {isa = PBXFileReference; includeInIndex = 1; lastKnownFileType = sourcecode.swift; name = TimeEntryView_FULL_SunSatFridayPay_ALIGNED.swift; path = Features/TimeEntry/Views/TimeEntryView_FULL_SunSatFridayPay_ALIGNED.swift; sourceTree = "<group>"; };
		749558D7891462C1326A896D /* InfoPlist.strings */ = {isa = PBXFileReference; includeInIndex = 1; lastKnownFileType = text.plist.strings; name = InfoPlist.strings; path = Resources/InfoPlist.strings; sourceTree = "<group>"; };
		9FBBAD43774097716D42C718 /* JobCodeInputView.swift */ = {isa = PBXFileReference; includeInIndex = 1; lastKnownFileType = sourcecode.swift; name = JobCodeInputView.swift; path = Features/JobCode/Views/JobCodeInputView.swift; sourceTree = "<group>"; };
		BEFFA520C8788DC701F05708 /* AssistantTextField.swift */ = {isa = PBXFileReference; includeInIndex = 1; lastKnownFileType = sourcecode.swift; name = AssistantTextField.swift; path = Features/JobCode/Components/AssistantTextField.swift; sourceTree = "<group>"; };
		EC8C0184B2A9B18CE1800391 /* App.swift */ = {isa = PBXFileReference; includeInIndex = 1; lastKnownFileType = sourcecode.swift; name = App.swift; path = App/App.swift; sourceTree = "<group>"; };
		FD8404CECD5FEED3FE2A04DE /* RootView.swift */ = {isa = PBXFileReference; includeInIndex = 1; lastKnownFileType = sourcecode.swift; name = RootView.swift; path = App/Root/RootView.swift; sourceTree = "<group>"; };
		FD9D83141B1B0BC49B21E213 /* JobCodeKeyboard.swift */ = {isa = PBXFileReference; includeInIndex = 1; lastKnownFileType = sourcecode.swift; name = JobCodeKeyboard.swift; path = Features/JobCode/Components/JobCodeKeyboard.swift; sourceTree = "<group>"; };
/* End PBXFileReference section */

/* Begin PBXFrameworksBuildPhase section */
		6275BC142E720002000966DC /* Frameworks */ = {
			isa = PBXFrameworksBuildPhase;
			buildActionMask = 2147483647;
			files = (
			);
			runOnlyForDeploymentPostprocessing = 0;
		};
/* End PBXFrameworksBuildPhase section */

/* Begin PBXGroup section */
		0B979F65CB846D9E5F573754 /* Features */ = {
			isa = PBXGroup;
			children = (
				E214D7406F469FCB04320661 /* TimeEntry */,
				9247B6D2114B5CB8002EE6EC /* JobCode */,
			);
			name = Features;
			sourceTree = "<group>";
		};
		45EFF4C270FD715961F5B3ED /* Root */ = {
			isa = PBXGroup;
			children = (
				FD8404CECD5FEED3FE2A04DE /* RootView.swift */,
			);
			name = Root;
			sourceTree = "<group>";
		};
		476E46056CC70760D5668640 /* BridgingHeaders */ = {
			isa = PBXGroup;
			children = (
				6445D874106554BC36609E03 /* TimecardLG-Bridging-Header.h */,
			);
			name = BridgingHeaders;
			sourceTree = "<group>";
		};
		5143B059C39DE95375305881 /* Support */ = {
			isa = PBXGroup;
			children = (
				349F5A761157400926B9589C /* Timecard-Info.plist */,
				476E46056CC70760D5668640 /* BridgingHeaders */,
			);
			name = Support;
			sourceTree = "<group>";
		};
		6275BC0E2E720002000966DC = {
			isa = PBXGroup;
			children = (
				620706C62E8C735200493D54 /* AppIconManager.swift */,
				620706C72E8C735200493D54 /* AppIconSettingsView.swift */,
				620706C82E8C735200493D54 /* Assets.xcassets */,
				620706C92E8C735200493D54 /* Assets.xcassets.zip */,
				620706CA2E8C735200493D54 /* BootstrapView.swift */,
				620706CB2E8C735200493D54 /* CloudSupport.swift */,
				620706CD2E8C735200493D54 /* EmailSettingsView.swift */,
				620706CF2E8C735200493D54 /* HistoryView.swift */,
				620706D12E8C735200493D54 /* HolidaySettingsView.swift */,
				620706D22E8C735200493D54 /* ICloudSettingsView.swift */,
				620706D32E8C735200493D54 /* ICloudSyncStatusView.swift */,
				620706D42E8C735200493D54 /* IconAssetGenerator.swift */,
				620706D52E8C735200493D54 /* IconGenerator.swift */,
				620706D72E8C735200493D54 /* IconSettingsView.swift */,
				620706DA2E8C735200493D54 /* JobsSettingsView.swift */,
				620706DB2E8C735200493D54 /* LegacyCompat.swift */,
				620706DC2E8C735200493D54 /* LGSummary_FIX_internal.swift */,
				620706DD2E8C735200493D54 /* LogoSettingsView.swift */,
				620706DE2E8C735200493D54 /* MailView.swift */,
				620706DF2E8C735200493D54 /* Models.swift */,
				620706E02E8C735200493D54 /* OnCallSettingsView.swift */,
				620706E12E8C735200493D54 /* PayPeriod_SunSat_FridayPay.swift */,
				620706E22E8C735200493D54 /* PayPeriodBC.swift */,
				620706E32E8C735200493D54 /* PayPeriodCalculator.swift */,
				620706E42E8C735200493D54 /* PayPeriodSettingsView.swift */,
				620706E52E8C735200493D54 /* PDFRenderer.swift */,
				620706E72E8C735200493D54 /* README.txt */,
				620706E92E8C735200493D54 /* SendView.swift */,
				620706EA2E8C735200493D54 /* SettingsSync.swift */,
				620706EB2E8C735200493D54 /* SettingsView.swift */,
				620706ED2E8C735200493D54 /* Store.swift */,
				620706EE2E8C735200493D54 /* SummaryTabSimple.swift */,
				620706EF2E8C735200493D54 /* SwiftDataModels.swift */,
				620706F02E8C735200493D54 /* ThemeSettingsView.swift */,
				620706F12E8C735200493D54 /* ThemeType.swift */,
				620706F22E8C735200493D54 /* Timecard.swift */,
				620706F62E8C735200493D54 /* Timecard.xcodeproj */,
				620706FA2E8C735200493D54 /* TimeEntryView_FULL_SunSatFriday_ALIGNED.swift */,
				620706FB2E8C735200493D54 /* UbiquitousSettingsSync.swift */,
				620706FC2E8C735200493D54 /* View+Keyboard.swift */,
				620706FD2E8C735200493D54 /* XLSXWriter.swift */,
				62F848422E8C7AEF0059C024 /* ColorExtensions.swift */,
				62F848742E8C9F730059C024 /* RegionLocator.swift */,
				623EF73B2E8DE9DA008EC7EE /* Timecard.app */,
				62F564CC2E905B59008E6EEC /* JobsStore.swift */,
				62B8BC812E90828300F3DBFE /* JobsSeed.csv */,
				6237929F2E986B18004A699C /* ToolbarButtonsSettingsView.swift */,
				9160F21BAB4576C872D6729C /* App */,
				5143B059C39DE95375305881 /* Support */,
				729DF138F9FDC3779D4C9E55 /* Resources */,
				0B979F65CB846D9E5F573754 /* Features */,
			);
			sourceTree = "<group>";
		};
		6FD842D6177AFD446C39BDD7 /* Views */ = {
			isa = PBXGroup;
			children = (
				72F415F11207D9A8CC61FE26 /* TimeEntryView_FULL_SunSatFridayPay_ALIGNED.swift */,
				6DF48A3DFA5F4D01D6073D3C /* TimecardPDFView.swift */,
				39A29FF6C963B224CDF1D1DC /* EntryRow.swift */,
				655A19085D6415F79E4B14C1 /* CodesAndNotesView.swift */,
			);
			name = Views;
			sourceTree = "<group>";
		};
		729DF138F9FDC3779D4C9E55 /* Resources */ = {
			isa = PBXGroup;
			children = (
				749558D7891462C1326A896D /* InfoPlist.strings */,
			);
			name = Resources;
			sourceTree = "<group>";
		};
		9160F21BAB4576C872D6729C /* App */ = {
			isa = PBXGroup;
			children = (
				EC8C0184B2A9B18CE1800391 /* App.swift */,
				45EFF4C270FD715961F5B3ED /* Root */,
			);
			name = App;
			sourceTree = "<group>";
		};
		9247B6D2114B5CB8002EE6EC /* JobCode */ = {
			isa = PBXGroup;
			children = (
				F8E727D464923C86744A571D /* Views */,
				EC0972558532689E40DC5D56 /* Components */,
			);
			name = JobCode;
			sourceTree = "<group>";
		};
		E214D7406F469FCB04320661 /* TimeEntry */ = {
			isa = PBXGroup;
			children = (
				6FD842D6177AFD446C39BDD7 /* Views */,
			);
			name = TimeEntry;
			sourceTree = "<group>";
		};
		EC0972558532689E40DC5D56 /* Components */ = {
			isa = PBXGroup;
			children = (
				3CEEAF67B52A82A75B9C0C8F /* JobCodeTextField.swift */,
				BEFFA520C8788DC701F05708 /* AssistantTextField.swift */,
				FD9D83141B1B0BC49B21E213 /* JobCodeKeyboard.swift */,
				0BE3A2EBD39FB445A2938816 /* JobCodeKeyboard.swift */,
			);
			name = Components;
			sourceTree = "<group>";
		};
		F8E727D464923C86744A571D /* Views */ = {
			isa = PBXGroup;
			children = (
				9FBBAD43774097716D42C718 /* JobCodeInputView.swift */,
			);
			name = Views;
			sourceTree = "<group>";
		};
/* End PBXGroup section */

/* Begin PBXNativeTarget section */
		6275BC162E720002000966DC /* Timecard */ = {
			isa = PBXNativeTarget;
			buildConfigurationList = 6275BC222E720004000966DC /* Build configuration list for PBXNativeTarget "Timecard" */;
			buildPhases = (
				6275BC132E720002000966DC /* Sources */,
				6275BC142E720002000966DC /* Frameworks */,
				6275BC152E720002000966DC /* Resources */,
			);
			buildRules = (
			);
			dependencies = (
			);
			name = Timecard;
			productName = TimecardLG;
			productReference = 623EF73B2E8DE9DA008EC7EE /* Timecard.app */;
			productType = "com.apple.product-type.application";
		};
/* End PBXNativeTarget section */

/* Begin PBXProject section */
		6275BC0F2E720002000966DC /* Project object */ = {
			isa = PBXProject;
			attributes = {
				BuildIndependentTargetsInParallel = 1;
				LastSwiftUpdateCheck = 2600;
				LastUpgradeCheck = 2600;
				TargetAttributes = {
					6275BC162E720002000966DC = {
						CreatedOnToolsVersion = 26.0;
						LastSwiftMigration = 2600;
					};
				};
			};
			buildConfigurationList = 6275BC122E720002000966DC /* Build configuration list for PBXProject "Timecard" */;
			developmentRegion = en;
			hasScannedForEncodings = 0;
			knownRegions = (
				en,
				Base,
			);
			mainGroup = 6275BC0E2E720002000966DC;
			minimizedProjectReferenceProxies = 1;
			preferredProjectObjectVersion = 77;
			productRefGroup = 6275BC0E2E720002000966DC;
			projectDirPath = "";
			projectRoot = "";
			targets = (
				6275BC162E720002000966DC /* Timecard */,
			);
		};
/* End PBXProject section */

/* Begin PBXResourcesBuildPhase section */
		6275BC152E720002000966DC /* Resources */ = {
			isa = PBXResourcesBuildPhase;
			buildActionMask = 2147483647;
			files = (
				62F8484E2E8C84E10059C024 /* Assets.xcassets in Resources */,
				62B8BC822E90828300F3DBFE /* JobsSeed.csv in Resources */,
				62F848362E8C7AAD0059C024 /* README.txt in Resources */,
				62F8484F2E8C84E70059C024 /* Assets.xcassets.zip in Resources */,
			);
			runOnlyForDeploymentPostprocessing = 0;
		};
/* End PBXResourcesBuildPhase section */

/* Begin PBXSourcesBuildPhase section */
		6275BC132E720002000966DC /* Sources */ = {
			isa = PBXSourcesBuildPhase;
			buildActionMask = 2147483647;
			files = (
				62F848372E8C7AAD0059C024 /* MailView.swift in Sources */,
				62F8484A2E8C84AF0059C024 /* BootstrapView.swift in Sources */,
				62F848382E8C7AAD0059C024 /* SendView.swift in Sources */,
				62F8486B2E8C8C8C0059C024 /* IconSettingsView.swift in Sources */,
				62F848652E8C8C4C0059C024 /* ICloudSettingsView.swift in Sources */,
				62F848752E8C9F730059C024 /* RegionLocator.swift in Sources */,
				62F848682E8C8C630059C024 /* HistoryView.swift in Sources */,
				62F848632E8C8C2A0059C024 /* PayPeriodSettingsView.swift in Sources */,
				62F8485B2E8C86300059C024 /* IconAssetGenerator.swift in Sources */,
				62F848542E8C85E50059C024 /* Timecard.swift in Sources */,
				62F8484D2E8C84D80059C024 /* AppIconSettingsView.swift in Sources */,
				62F8486E2E8C8CC30059C024 /* UbiquitousSettingsSync.swift in Sources */,
				62F848392E8C7AAD0059C024 /* TimeEntryView_FULL_SunSatFriday_ALIGNED.swift in Sources */,
				62F564CD2E905B59008E6EEC /* JobsStore.swift in Sources */,
				62F848642E8C8C3B0059C024 /* OnCallSettingsView.swift in Sources */,
				62F8484C2E8C84CE0059C024 /* AppIconManager.swift in Sources */,
				62F848552E8C85EC0059C024 /* ThemeSettingsView.swift in Sources */,
				62F848482E8C849A0059C024 /* Store.swift in Sources */,
				62F8486A2E8C8C810059C024 /* ICloudSyncStatusView.swift in Sources */,
				62F848492E8C84A80059C024 /* SwiftDataModels.swift in Sources */,
				62F848662E8C8C540059C024 /* HolidaySettingsView.swift in Sources */,
				62F8483B2E8C7AAD0059C024 /* LGSummary_FIX_internal.swift in Sources */,
				62F8483C2E8C7AAD0059C024 /* ThemeType.swift in Sources */,
				62F848572E8C85FF0059C024 /* SettingsView.swift in Sources */,
				62F8483D2E8C7AAD0059C024 /* PayPeriod_SunSat_FridayPay.swift in Sources */,
				62F848562E8C85F70059C024 /* SummaryTabSimple.swift in Sources */,
				62F848592E8C86250059C024 /* IconGenerator.swift in Sources */,
				62F8483E2E8C7AAD0059C024 /* Models.swift in Sources */,
				62F848602E8C8BDF0059C024 /* LogoSettingsView.swift in Sources */,
				62F848502E8C84F00059C024 /* CloudSupport.swift in Sources */,
				62F848622E8C8C0E0059C024 /* EmailSettingsView.swift in Sources */,
				62F848702E8C8CD00059C024 /* XLSXWriter.swift in Sources */,
				62F8483F2E8C7AAD0059C024 /* PayPeriodBC.swift in Sources */,
				62F8486F2E8C8CC80059C024 /* View+Keyboard.swift in Sources */,
				62F848402E8C7AAD0059C024 /* LegacyCompat.swift in Sources */,
				62F8484B2E8C84B70059C024 /* SettingsSync.swift in Sources */,
				62F848412E8C7AAD0059C024 /* PDFRenderer.swift in Sources */,
				62F8485F2E8C8BD30059C024 /* JobsSettingsView.swift in Sources */,
				62F8486D2E8C8CA00059C024 /* PayPeriodCalculator.swift in Sources */,
				623792A02E986B18004A699C /* ToolbarButtonsSettingsView.swift in Sources */,
				62F848712E8C8CDF0059C024 /* ColorExtensions.swift in Sources */,
				F860DB54DEDD6C274AE75CF7 /* App.swift in Sources */,
				43252E4FEF013D0BC8263FD0 /* RootView.swift in Sources */,
				93923F154BF1918699B206C0 /* TimeEntryView_FULL_SunSatFridayPay_ALIGNED.swift in Sources */,
				41BB720E9FF3BEB1E38ADA0D /* TimecardPDFView.swift in Sources */,
				0DCE72F656A33C3B55E01CC1 /* EntryRow.swift in Sources */,
				54F4F2779C0640F74FDAD54B /* CodesAndNotesView.swift in Sources */,
				D3E210867AA879D545CA9280 /* JobCodeInputView.swift in Sources */,
				DC460AEFCB34F954C8CF02F3 /* JobCodeTextField.swift in Sources */,
				F716365FEA5B62994B1B78DE /* AssistantTextField.swift in Sources */,
				0B1F84C138C705B849B2A1DB /* JobCodeKeyboard.swift in Sources */,
				46CB94E96EE29C972371F54D /* JobCodeKeyboard.swift in Sources */,
			);
			runOnlyForDeploymentPostprocessing = 0;
		};
/* End PBXSourcesBuildPhase section */

/* Begin XCBuildConfiguration section */
		6275BC202E720004000966DC /* Debug */ = {
			isa = XCBuildConfiguration;
			buildSettings = {
				ALWAYS_SEARCH_USER_PATHS = NO;
				ASSETCATALOG_COMPILER_GENERATE_SWIFT_ASSET_SYMBOL_EXTENSIONS = YES;
				CLANG_ANALYZER_NONNULL = YES;
				CLANG_ANALYZER_NUMBER_OBJECT_CONVERSION = YES_AGGRESSIVE;
				CLANG_CXX_LANGUAGE_STANDARD = "gnu++20";
				CLANG_ENABLE_MODULES = YES;
				CLANG_ENABLE_OBJC_ARC = YES;
				CLANG_ENABLE_OBJC_WEAK = YES;
				CLANG_WARN_BLOCK_CAPTURE_AUTORELEASING = YES;
				CLANG_WARN_BOOL_CONVERSION = YES;
				CLANG_WARN_COMMA = YES;
				CLANG_WARN_CONSTANT_CONVERSION = YES;
				CLANG_WARN_DEPRECATED_OBJC_IMPLEMENTATIONS = YES;
				CLANG_WARN_DIRECT_OBJC_ISA_USAGE = YES_ERROR;
				CLANG_WARN_DOCUMENTATION_COMMENTS = YES;
				CLANG_WARN_EMPTY_BODY = YES;
				CLANG_WARN_ENUM_CONVERSION = YES;
				CLANG_WARN_INFINITE_RECURSION = YES;
				CLANG_WARN_INT_CONVERSION = YES;
				CLANG_WARN_NON_LITERAL_NULL_CONVERSION = YES;
				CLANG_WARN_OBJC_IMPLICIT_RETAIN_SELF = YES;
				CLANG_WARN_OBJC_LITERAL_CONVERSION = YES;
				CLANG_WARN_OBJC_ROOT_CLASS = YES_ERROR;
				CLANG_WARN_QUOTED_INCLUDE_IN_FRAMEWORK_HEADER = YES;
				CLANG_WARN_RANGE_LOOP_ANALYSIS = YES;
				CLANG_WARN_STRICT_PROTOTYPES = YES;
				CLANG_WARN_SUSPICIOUS_MOVE = YES;
				CLANG_WARN_UNGUARDED_AVAILABILITY = YES_AGGRESSIVE;
				CLANG_WARN_UNREACHABLE_CODE = YES;
				CLANG_WARN__DUPLICATE_METHOD_MATCH = YES;
				COPY_PHASE_STRIP = NO;
				DEBUG_INFORMATION_FORMAT = dwarf;
				ENABLE_STRICT_OBJC_MSGSEND = YES;
				ENABLE_TESTABILITY = YES;
				ENABLE_USER_SCRIPT_SANDBOXING = YES;
				GCC_C_LANGUAGE_STANDARD = gnu17;
				GCC_DYNAMIC_NO_PIC = NO;
				GCC_NO_COMMON_BLOCKS = YES;
				GCC_OPTIMIZATION_LEVEL = 0;
				GCC_PREPROCESSOR_DEFINITIONS = (
					"DEBUG=1",
					"$(inherited)",
				);
				GCC_WARN_64_TO_32_BIT_CONVERSION = YES;
				GCC_WARN_ABOUT_RETURN_TYPE = YES_ERROR;
				GCC_WARN_UNDECLARED_SELECTOR = YES;
				GCC_WARN_UNINITIALIZED_AUTOS = YES_AGGRESSIVE;
				GCC_WARN_UNUSED_FUNCTION = YES;
				GCC_WARN_UNUSED_VARIABLE = YES;
				LOCALIZATION_PREFERS_STRING_CATALOGS = YES;
				MTL_ENABLE_DEBUG_INFO = INCLUDE_SOURCE;
				MTL_FAST_MATH = YES;
				ONLY_ACTIVE_ARCH = YES;
				SWIFT_ACTIVE_COMPILATION_CONDITIONS = "DEBUG $(inherited)";
				SWIFT_OPTIMIZATION_LEVEL = "-Onone";
			};
			name = Debug;
		};
		6275BC212E720004000966DC /* Release */ = {
			isa = XCBuildConfiguration;
			buildSettings = {
				ALWAYS_SEARCH_USER_PATHS = NO;
				ASSETCATALOG_COMPILER_GENERATE_SWIFT_ASSET_SYMBOL_EXTENSIONS = YES;
				CLANG_ANALYZER_NONNULL = YES;
				CLANG_ANALYZER_NUMBER_OBJECT_CONVERSION = YES_AGGRESSIVE;
				CLANG_CXX_LANGUAGE_STANDARD = "gnu++20";
				CLANG_ENABLE_MODULES = YES;
				CLANG_ENABLE_OBJC_ARC = YES;
				CLANG_ENABLE_OBJC_WEAK = YES;
				CLANG_WARN_BLOCK_CAPTURE_AUTORELEASING = YES;
				CLANG_WARN_BOOL_CONVERSION = YES;
				CLANG_WARN_COMMA = YES;
				CLANG_WARN_CONSTANT_CONVERSION = YES;
				CLANG_WARN_DEPRECATED_OBJC_IMPLEMENTATIONS = YES;
				CLANG_WARN_DIRECT_OBJC_ISA_USAGE = YES_ERROR;
				CLANG_WARN_DOCUMENTATION_COMMENTS = YES;
				CLANG_WARN_EMPTY_BODY = YES;
				CLANG_WARN_ENUM_CONVERSION = YES;
				CLANG_WARN_INFINITE_RECURSION = YES;
				CLANG_WARN_INT_CONVERSION = YES;
				CLANG_WARN_NON_LITERAL_NULL_CONVERSION = YES;
				CLANG_WARN_OBJC_IMPLICIT_RETAIN_SELF = YES;
				CLANG_WARN_OBJC_LITERAL_CONVERSION = YES;
				CLANG_WARN_OBJC_ROOT_CLASS = YES_ERROR;
				CLANG_WARN_QUOTED_INCLUDE_IN_FRAMEWORK_HEADER = YES;
				CLANG_WARN_RANGE_LOOP_ANALYSIS = YES;
				CLANG_WARN_STRICT_PROTOTYPES = YES;
				CLANG_WARN_SUSPICIOUS_MOVE = YES;
				CLANG_WARN_UNGUARDED_AVAILABILITY = YES_AGGRESSIVE;
				CLANG_WARN_UNREACHABLE_CODE = YES;
				CLANG_WARN__DUPLICATE_METHOD_MATCH = YES;
				COPY_PHASE_STRIP = NO;
				DEBUG_INFORMATION_FORMAT = "dwarf-with-dsym";
				ENABLE_NS_ASSERTIONS = NO;
				ENABLE_STRICT_OBJC_MSGSEND = YES;
				ENABLE_USER_SCRIPT_SANDBOXING = YES;
				GCC_C_LANGUAGE_STANDARD = gnu17;
				GCC_NO_COMMON_BLOCKS = YES;
				GCC_WARN_64_TO_32_BIT_CONVERSION = YES;
				GCC_WARN_ABOUT_RETURN_TYPE = YES_ERROR;
				GCC_WARN_UNDECLARED_SELECTOR = YES;
				GCC_WARN_UNINITIALIZED_AUTOS = YES_AGGRESSIVE;
				GCC_WARN_UNUSED_FUNCTION = YES;
				GCC_WARN_UNUSED_VARIABLE = YES;
				LOCALIZATION_PREFERS_STRING_CATALOGS = YES;
				MTL_ENABLE_DEBUG_INFO = NO;
				MTL_FAST_MATH = YES;
				SWIFT_COMPILATION_MODE = wholemodule;
			};
			name = Release;
		};
		6275BC232E720004000966DC /* Debug */ = {
			isa = XCBuildConfiguration;
			buildSettings = {
				ASSETCATALOG_COMPILER_ALTERNATE_APPICON_NAMES = "classic Applcon Applcon1 Applcon2 Applcon3 Applcon4 Applcon5 Applcon6 Applcon6 Applcon7 Applcon8";
				ASSETCATALOG_COMPILER_APPICON_NAME = AppIcon;
				ASSETCATALOG_COMPILER_GLOBAL_ACCENT_COLOR_NAME = AccentColor;
				CLANG_ENABLE_MODULES = YES;
				CODE_SIGN_STYLE = Automatic;
				CURRENT_PROJECT_VERSION = 1;
				DEVELOPMENT_TEAM = B26NRY5F3Q;
				ENABLE_APP_SANDBOX = YES;
				ENABLE_FILE_ACCESS_PICTURE_FOLDER = readonly;
				ENABLE_INCOMING_NETWORK_CONNECTIONS = NO;
				ENABLE_OUTGOING_NETWORK_CONNECTIONS = NO;
				ENABLE_PREVIEWS = YES;
				ENABLE_RESOURCE_ACCESS_AUDIO_INPUT = NO;
				ENABLE_RESOURCE_ACCESS_BLUETOOTH = NO;
				ENABLE_RESOURCE_ACCESS_CALENDARS = NO;
				ENABLE_RESOURCE_ACCESS_CAMERA = NO;
				ENABLE_RESOURCE_ACCESS_CONTACTS = NO;
				ENABLE_RESOURCE_ACCESS_LOCATION = NO;
				ENABLE_RESOURCE_ACCESS_PRINTING = NO;
				ENABLE_RESOURCE_ACCESS_USB = NO;
				ENABLE_USER_SELECTED_FILES = readonly;
				GENERATE_INFOPLIST_FILE = YES;
				INFOPLIST_FILE = "Timecard-Info.plist";
				INFOPLIST_KEY_CFBundleDisplayName = Timecard;
				INFOPLIST_KEY_LSApplicationCategoryType = "public.app-category.business";
				"INFOPLIST_KEY_UIApplicationSceneManifest_Generation[sdk=iphoneos*]" = YES;
				"INFOPLIST_KEY_UIApplicationSceneManifest_Generation[sdk=iphonesimulator*]" = YES;
				INFOPLIST_KEY_UIApplicationSupportsIndirectInputEvents = YES;
				"INFOPLIST_KEY_UIApplicationSupportsIndirectInputEvents[sdk=iphoneos*]" = YES;
				"INFOPLIST_KEY_UIApplicationSupportsIndirectInputEvents[sdk=iphonesimulator*]" = YES;
				"INFOPLIST_KEY_UILaunchScreen_Generation[sdk=iphoneos*]" = YES;
				"INFOPLIST_KEY_UILaunchScreen_Generation[sdk=iphonesimulator*]" = YES;
				INFOPLIST_KEY_UIRequiredDeviceCapabilities = armv7;
				"INFOPLIST_KEY_UIStatusBarStyle[sdk=iphoneos*]" = UIStatusBarStyleDefault;
				"INFOPLIST_KEY_UIStatusBarStyle[sdk=iphonesimulator*]" = UIStatusBarStyleDefault;
				INFOPLIST_KEY_UISupportedInterfaceOrientations = "UIInterfaceOrientationPortrait UIInterfaceOrientationLandscapeLeft UIInterfaceOrientationLandscapeRight";
				INFOPLIST_KEY_UISupportedInterfaceOrientations_iPad = "UIInterfaceOrientationPortrait UIInterfaceOrientationPortraitUpsideDown UIInterfaceOrientationLandscapeLeft UIInterfaceOrientationLandscapeRight";
				INFOPLIST_KEY_UISupportedInterfaceOrientations_iPhone = "UIInterfaceOrientationPortrait UIInterfaceOrientationLandscapeLeft UIInterfaceOrientationLandscapeRight";
				IPHONEOS_DEPLOYMENT_TARGET = 26.0;
				LD_RUNPATH_SEARCH_PATHS = "@executable_path/Frameworks";
				"LD_RUNPATH_SEARCH_PATHS[sdk=macosx*]" = "@executable_path/../Frameworks";
				MACOSX_DEPLOYMENT_TARGET = 15.7;
				MARKETING_VERSION = 1.0;
				PRODUCT_BUNDLE_IDENTIFIER = com.gstrench.Timecard;
				PRODUCT_NAME = "$(TARGET_NAME)";
				REGISTER_APP_GROUPS = YES;
				SDKROOT = auto;
				STRING_CATALOG_GENERATE_SYMBOLS = YES;
				SUPPORTED_PLATFORMS = "iphoneos iphonesimulator";
				SUPPORTS_MACCATALYST = NO;
				SWIFT_APPROACHABLE_CONCURRENCY = YES;
				SWIFT_DEFAULT_ACTOR_ISOLATION = MainActor;
				SWIFT_EMIT_LOC_STRINGS = YES;
				SWIFT_OBJC_BRIDGING_HEADER = "TimecardLG-Bridging-Header.h";
				SWIFT_OPTIMIZATION_LEVEL = "-Onone";
				SWIFT_UPCOMING_FEATURE_MEMBER_IMPORT_VISIBILITY = YES;
				SWIFT_VERSION = 5.0;
				TARGETED_DEVICE_FAMILY = "1,2";
				XROS_DEPLOYMENT_TARGET = 26.0;
			};
			name = Debug;
		};
		6275BC242E720004000966DC /* Release */ = {
			isa = XCBuildConfiguration;
			buildSettings = {
				ASSETCATALOG_COMPILER_ALTERNATE_APPICON_NAMES = "classic Applcon Applcon1 Applcon2 Applcon3 Applcon4 Applcon5 Applcon6 Applcon6 Applcon7 Applcon8";
				ASSETCATALOG_COMPILER_APPICON_NAME = AppIcon;
				ASSETCATALOG_COMPILER_GLOBAL_ACCENT_COLOR_NAME = AccentColor;
				CLANG_ENABLE_MODULES = YES;
				CODE_SIGN_STYLE = Automatic;
				CURRENT_PROJECT_VERSION = 1;
				DEVELOPMENT_TEAM = B26NRY5F3Q;
				ENABLE_APP_SANDBOX = YES;
				ENABLE_FILE_ACCESS_PICTURE_FOLDER = readonly;
				ENABLE_INCOMING_NETWORK_CONNECTIONS = NO;
				ENABLE_OUTGOING_NETWORK_CONNECTIONS = NO;
				ENABLE_PREVIEWS = YES;
				ENABLE_RESOURCE_ACCESS_AUDIO_INPUT = NO;
				ENABLE_RESOURCE_ACCESS_BLUETOOTH = NO;
				ENABLE_RESOURCE_ACCESS_CALENDARS = NO;
				ENABLE_RESOURCE_ACCESS_CAMERA = NO;
				ENABLE_RESOURCE_ACCESS_CONTACTS = NO;
				ENABLE_RESOURCE_ACCESS_LOCATION = NO;
				ENABLE_RESOURCE_ACCESS_PRINTING = NO;
				ENABLE_RESOURCE_ACCESS_USB = NO;
				ENABLE_USER_SELECTED_FILES = readonly;
				GENERATE_INFOPLIST_FILE = YES;
				INFOPLIST_FILE = "Timecard-Info.plist";
				INFOPLIST_KEY_CFBundleDisplayName = Timecard;
				INFOPLIST_KEY_LSApplicationCategoryType = "public.app-category.business";
				"INFOPLIST_KEY_UIApplicationSceneManifest_Generation[sdk=iphoneos*]" = YES;
				"INFOPLIST_KEY_UIApplicationSceneManifest_Generation[sdk=iphonesimulator*]" = YES;
				INFOPLIST_KEY_UIApplicationSupportsIndirectInputEvents = YES;
				"INFOPLIST_KEY_UIApplicationSupportsIndirectInputEvents[sdk=iphoneos*]" = YES;
				"INFOPLIST_KEY_UIApplicationSupportsIndirectInputEvents[sdk=iphonesimulator*]" = YES;
				"INFOPLIST_KEY_UILaunchScreen_Generation[sdk=iphoneos*]" = YES;
				"INFOPLIST_KEY_UILaunchScreen_Generation[sdk=iphonesimulator*]" = YES;
				INFOPLIST_KEY_UIRequiredDeviceCapabilities = armv7;
				"INFOPLIST_KEY_UIStatusBarStyle[sdk=iphoneos*]" = UIStatusBarStyleDefault;
				"INFOPLIST_KEY_UIStatusBarStyle[sdk=iphonesimulator*]" = UIStatusBarStyleDefault;
				INFOPLIST_KEY_UISupportedInterfaceOrientations = "UIInterfaceOrientationPortrait UIInterfaceOrientationLandscapeLeft UIInterfaceOrientationLandscapeRight";
				INFOPLIST_KEY_UISupportedInterfaceOrientations_iPad = "UIInterfaceOrientationPortrait UIInterfaceOrientationPortraitUpsideDown UIInterfaceOrientationLandscapeLeft UIInterfaceOrientationLandscapeRight";
				INFOPLIST_KEY_UISupportedInterfaceOrientations_iPhone = "UIInterfaceOrientationPortrait UIInterfaceOrientationLandscapeLeft UIInterfaceOrientationLandscapeRight";
				IPHONEOS_DEPLOYMENT_TARGET = 26.0;
				LD_RUNPATH_SEARCH_PATHS = "@executable_path/Frameworks";
				"LD_RUNPATH_SEARCH_PATHS[sdk=macosx*]" = "@executable_path/../Frameworks";
				MACOSX_DEPLOYMENT_TARGET = 15.7;
				MARKETING_VERSION = 1.0;
				PRODUCT_BUNDLE_IDENTIFIER = com.gstrench.Timecard;
				PRODUCT_NAME = "$(TARGET_NAME)";
				REGISTER_APP_GROUPS = YES;
				SDKROOT = auto;
				STRING_CATALOG_GENERATE_SYMBOLS = YES;
				SUPPORTED_PLATFORMS = "iphoneos iphonesimulator";
				SUPPORTS_MACCATALYST = NO;
				SWIFT_APPROACHABLE_CONCURRENCY = YES;
				SWIFT_DEFAULT_ACTOR_ISOLATION = MainActor;
				SWIFT_EMIT_LOC_STRINGS = YES;
				SWIFT_OBJC_BRIDGING_HEADER = "TimecardLG-Bridging-Header.h";
				SWIFT_UPCOMING_FEATURE_MEMBER_IMPORT_VISIBILITY = YES;
				SWIFT_VERSION = 5.0;
				TARGETED_DEVICE_FAMILY = "1,2";
				XROS_DEPLOYMENT_TARGET = 26.0;
			};
			name = Release;
		};
/* End XCBuildConfiguration section */

/* Begin XCConfigurationList section */
		6275BC122E720002000966DC /* Build configuration list for PBXProject "Timecard" */ = {
			isa = XCConfigurationList;
			buildConfigurations = (
				6275BC202E720004000966DC /* Debug */,
				6275BC212E720004000966DC /* Release */,
			);
			defaultConfigurationIsVisible = 0;
			defaultConfigurationName = Release;
		};
		6275BC222E720004000966DC /* Build configuration list for PBXNativeTarget "Timecard" */ = {
			isa = XCConfigurationList;
			buildConfigurations = (
				6275BC232E720004000966DC /* Debug */,
				6275BC242E720004000966DC /* Release */,
			);
			defaultConfigurationIsVisible = 0;
			defaultConfigurationName = Release;
		};
/* End XCConfigurationList section */
	};
	rootObject = 6275BC0F2E720002000966DC /* Project object */;
}
